{"format_version":"1.0","provider_schemas":{"registry.opentofu.org/bunnyway/bunnynet":{"provider":{"version":0,"block":{"attributes":{"api_key":{"type":"string","description":"API key. Can also be set using the `BUNNYNET_API_KEY` environment variable.","description_kind":"markdown","optional":true,"sensitive":true},"api_url":{"type":"string","description":"Optional. The API URL. Defaults to `https://api.bunny.net`.","description_kind":"markdown","optional":true},"stream_api_url":{"type":"string","description":"Optional. The Stream API URL. Defaults to `https://video.bunnycdn.com`.","description_kind":"markdown","optional":true}},"description":"\nThe Bunny Terraform provider allows Terraform users to manage their bunny.net resources.\n\nBefore getting started, you will need a bunny.net account and the API key for it.\n\n## Authentication\n\nYou can either set the API key directly on the \u003ccode\u003eapi_key\u003c/code\u003e attribute for the provider, or set the \u003ccode\u003eBUNNYNET_API_KEY\u003c/code\u003e environment variable.\n\n\u003e NOTE: Team member API keys are not supported.\n\t\t","description_kind":"markdown"}},"resource_schemas":{"bunnynet_account_subuser":{"version":0,"block":{"attributes":{"email":{"type":"string","description":"The user's email address.","description_kind":"plain","required":true},"firstname":{"type":"string","description":"The user's first name.","description_kind":"plain","required":true},"id":{"type":"string","description":"The user's identifier.","description_kind":"plain","computed":true},"lastname":{"type":"string","description":"The user's last name.","description_kind":"plain","required":true},"password":{"type":"string","description":"The user's password. This is a write-only field: to update it after creation, re-create the resource.","description_kind":"plain","optional":true,"sensitive":true,"write_only":true},"permissions":{"type":["set","string"],"description":"Options: `abuse`, `billing`, `support`, `users`, `zones`","description_kind":"plain","required":true}},"description":"This resource manages an account sub-user in bunny.net.","description_kind":"plain"}},"bunnynet_compute_container_app":{"version":0,"block":{"attributes":{"autoscaling_max":{"type":"number","description":"The maximum number of instances that will be provisioned per active region.","description_kind":"plain","optional":true,"computed":true},"autoscaling_min":{"type":"number","description":"The minimum number of instances that will be provisioned per active region.","description_kind":"plain","optional":true,"computed":true},"id":{"type":"string","description":"The unique identifier for the application.","description_kind":"plain","computed":true},"name":{"type":"string","description":"The name of the application.","description_kind":"plain","required":true},"regions_allowed":{"type":["set","string"],"description":"The regions that will be dynamically provisionable based on the user latency.","description_kind":"plain","required":true},"regions_max_allowed":{"type":"number","description":"The maximum amount of regions to be deployed at any given time.","description_kind":"plain","optional":true},"regions_required":{"type":["set","string"],"description":"The regions that will be statically provisioned and will always be running and available to users.","description_kind":"plain","required":true},"version":{"type":"number","description_kind":"plain","optional":true,"computed":true}},"block_types":{"container":{"nesting_mode":"list","block":{"attributes":{"arguments":{"type":"string","description":"The arguments that will be added to the container entry point when starting the image.","description_kind":"plain","optional":true},"command":{"type":"string","description":"A custom startup command that will execute once the container is launched.","description_kind":"plain","optional":true},"id":{"type":"string","description":"The unique identifier for the container.","description_kind":"plain","computed":true},"image_digest":{"type":"string","description":"The image digest.","description_kind":"markdown","optional":true,"computed":true},"image_name":{"type":"string","description":"The image name within the registry, without the domain prefix (i.e.: `my-app`).","description_kind":"plain","required":true},"image_namespace":{"type":"string","description":"The image namespace within the registry, without the domain prefix (i.e.: `my-org`).","description_kind":"plain","required":true},"image_pull_policy":{"type":"string","description":"Options: `Always`, `IfNotPresent`","description_kind":"plain","optional":true,"computed":true},"image_registry":{"type":"number","description":"The image registry for the container.","description_kind":"plain","required":true},"image_tag":{"type":"string","description":"The image tag (i.e.: `2.9-alpine`).","description_kind":"markdown","required":true},"name":{"type":"string","description":"The name of the container.","description_kind":"plain","required":true},"working_dir":{"type":"string","description":"The working directory of the container runtime.","description_kind":"plain","optional":true}},"block_types":{"endpoint":{"nesting_mode":"list","block":{"attributes":{"name":{"type":"string","description":"The name of the endpoint.","description_kind":"plain","required":true},"type":{"type":"string","description":"Options: `Anycast`, `CDN`, `InternalIP`","description_kind":"plain","required":true}},"block_types":{"cdn":{"nesting_mode":"list","block":{"attributes":{"origin_ssl":{"type":"bool","description":"Indicates whether the container will handle TLS termination.","description_kind":"plain","optional":true,"computed":true},"pullzone_id":{"type":"number","description":"The ID of the pullzone associated with the endpoint.","description_kind":"plain","computed":true}},"block_types":{"sticky_sessions":{"nesting_mode":"list","block":{"attributes":{"headers":{"type":["set","string"],"description":"Incoming request headers used to select a pod for sticky sessions.","description_kind":"plain","required":true}},"description":"Indicates whether sticky sessions is enabled.","description_kind":"plain"}}},"description":"Configurations for CDN endpoint.","description_kind":"plain"}},"port":{"nesting_mode":"list","block":{"attributes":{"container":{"type":"number","description":"The container port number.","description_kind":"plain","required":true},"exposed":{"type":"number","description":"The exposed port number.","description_kind":"plain","optional":true},"protocols":{"type":["set","string"],"description":"Options: `SCTP`, `TCP`, `UDP`","description_kind":"plain","optional":true}},"description":"Endpoint port configuration.","description_kind":"plain"}}},"description":"Defines a public endpoint for the application.","description_kind":"plain"}},"env":{"nesting_mode":"list","block":{"attributes":{"name":{"type":"string","description":"The name of the environment variable.","description_kind":"plain","required":true},"value":{"type":"string","description":"The value of the environment variable.","description_kind":"plain","required":true}},"description":"Defines an environment variable for the container","description_kind":"plain"}},"liveness_probe":{"nesting_mode":"list","block":{"attributes":{"failure_threshold":{"type":"number","description":"The number of failed probes to consider the container unhealthy.","description_kind":"plain","optional":true,"computed":true},"initial_delay":{"type":"number","description":"The amount of time in seconds after the container is started to wait before the first probe is sent.","description_kind":"plain","optional":true,"computed":true},"period":{"type":"number","description":"The amount of time in seconds between each probe.","description_kind":"plain","optional":true,"computed":true},"port":{"type":"number","description":"The port within the container the probe will connect to.","description_kind":"plain","required":true},"success_threshold":{"type":"number","description":"The number of successful probes to consider the container healthy.","description_kind":"plain","optional":true,"computed":true},"timeout":{"type":"number","description":"The amount of time in seconds the probe will wait for a response before considering it a failure.","description_kind":"plain","optional":true,"computed":true},"type":{"type":"string","description":"Options: `grpc`, `http`, `tcp`","description_kind":"plain","required":true}},"block_types":{"grpc":{"nesting_mode":"list","block":{"attributes":{"service":{"type":"string","description":"The gRPC service name.","description_kind":"plain","required":true}},"description":"gRPC-specific configurations.","description_kind":"plain"}},"http":{"nesting_mode":"list","block":{"attributes":{"expected_status":{"type":"number","description":"The expected HTTP response status code.","description_kind":"plain","optional":true,"computed":true},"path":{"type":"string","description":"The HTTP path to be requested.","description_kind":"plain","required":true}},"description":"HTTP-specific configurations.","description_kind":"plain"}}},"description":"Checks that the application is actively running without issues. It the check fails, the container will be automatically restarted","description_kind":"plain"}},"readiness_probe":{"nesting_mode":"list","block":{"attributes":{"failure_threshold":{"type":"number","description":"The number of failed probes to consider the container unhealthy.","description_kind":"plain","optional":true,"computed":true},"initial_delay":{"type":"number","description":"The amount of time in seconds after the container is started to wait before the first probe is sent.","description_kind":"plain","optional":true,"computed":true},"period":{"type":"number","description":"The amount of time in seconds between each probe.","description_kind":"plain","optional":true,"computed":true},"port":{"type":"number","description":"The port within the container the probe will connect to.","description_kind":"plain","required":true},"success_threshold":{"type":"number","description":"The number of successful probes to consider the container healthy.","description_kind":"plain","optional":true,"computed":true},"timeout":{"type":"number","description":"The amount of time in seconds the probe will wait for a response before considering it a failure.","description_kind":"plain","optional":true,"computed":true},"type":{"type":"string","description":"Options: `grpc`, `http`, `tcp`","description_kind":"plain","required":true}},"block_types":{"grpc":{"nesting_mode":"list","block":{"attributes":{"service":{"type":"string","description":"The gRPC service name.","description_kind":"plain","required":true}},"description":"gRPC-specific configurations.","description_kind":"plain"}},"http":{"nesting_mode":"list","block":{"attributes":{"expected_status":{"type":"number","description":"The expected HTTP response status code.","description_kind":"plain","optional":true,"computed":true},"path":{"type":"string","description":"The HTTP path to be requested.","description_kind":"plain","required":true}},"description":"HTTP-specific configurations.","description_kind":"plain"}}},"description":"Checks if the application is fully prepared to handle incoming requests. No requests will be routed to the application until this check is successful.","description_kind":"plain"}},"startup_probe":{"nesting_mode":"list","block":{"attributes":{"failure_threshold":{"type":"number","description":"The number of failed probes to consider the container unhealthy.","description_kind":"plain","optional":true,"computed":true},"initial_delay":{"type":"number","description":"The amount of time in seconds after the container is started to wait before the first probe is sent.","description_kind":"plain","optional":true,"computed":true},"period":{"type":"number","description":"The amount of time in seconds between each probe.","description_kind":"plain","optional":true,"computed":true},"port":{"type":"number","description":"The port within the container the probe will connect to.","description_kind":"plain","required":true},"success_threshold":{"type":"number","description":"The number of successful probes to consider the container healthy.","description_kind":"plain","optional":true,"computed":true},"timeout":{"type":"number","description":"The amount of time in seconds the probe will wait for a response before considering it a failure.","description_kind":"plain","optional":true,"computed":true},"type":{"type":"string","description":"Options: `grpc`, `http`, `tcp`","description_kind":"plain","required":true}},"block_types":{"grpc":{"nesting_mode":"list","block":{"attributes":{"service":{"type":"string","description":"The gRPC service name.","description_kind":"plain","required":true}},"description":"gRPC-specific configurations.","description_kind":"plain"}},"http":{"nesting_mode":"list","block":{"attributes":{"expected_status":{"type":"number","description":"The expected HTTP response status code.","description_kind":"plain","optional":true,"computed":true},"path":{"type":"string","description":"The HTTP path to be requested.","description_kind":"plain","required":true}},"description":"HTTP-specific configurations.","description_kind":"plain"}}},"description":"Checks if the application has successfully started. No requests will be routed to the application until this check is successful.","description_kind":"plain"}},"volumemount":{"nesting_mode":"list","block":{"attributes":{"name":{"type":"string","description":"The name of the volume.","description_kind":"plain","required":true},"path":{"type":"string","description":"The path within the container where the volume will be mounted.","description_kind":"plain","required":true}},"description":"Mounts a volume within a container","description_kind":"plain"}}},"description":"Defines a container for the application.","description_kind":"plain"}},"volume":{"nesting_mode":"list","block":{"attributes":{"name":{"type":"string","description":"The name of the volume.","description_kind":"plain","required":true},"size":{"type":"number","description":"The size of the volume, in Gigabytes (10^9 bytes).","description_kind":"plain","required":true}},"description":"Defines a persistent volume to be used by the application.","description_kind":"plain"}}},"description":"This resource manages a Magic Containers application in bunny.net.","description_kind":"plain"}},"bunnynet_compute_container_imageregistry":{"version":0,"block":{"attributes":{"id":{"type":"number","description":"The unique identifier for the image registry.","description_kind":"plain","computed":true},"registry":{"type":"string","description":"Options: `DockerHub`, `GitHub`","description_kind":"plain","required":true},"token":{"type":"string","description":"The token used to authenticate to the registry. If you are importing a resource, declare the token as an empty string.","description_kind":"plain","required":true,"sensitive":true},"username":{"type":"string","description":"The username used to authenticate to the registry.","description_kind":"plain","required":true}},"description":"This resource manages an Image Registry connection for Magic Containers in bunny.net.","description_kind":"plain"}},"bunnynet_compute_script":{"version":0,"block":{"attributes":{"content":{"type":"string","description":"The code of the script.","description_kind":"plain","required":true},"deployment_key":{"type":"string","description":"The deployment key for the script.","description_kind":"plain","computed":true},"id":{"type":"number","description":"The ID of the script.","description_kind":"plain","computed":true},"name":{"type":"string","description":"The name of the script.","description_kind":"plain","required":true},"release":{"type":"string","description":"The current release identifier for the script.","description_kind":"plain","computed":true},"type":{"type":"string","description":"Options: `middleware`, `standalone`","description_kind":"markdown","required":true}},"description":"This resource manages a compute script in bunny.net.","description_kind":"plain"}},"bunnynet_compute_script_secret":{"version":0,"block":{"attributes":{"id":{"type":"number","description":"The ID of the secret.","description_kind":"plain","computed":true},"name":{"type":"string","description":"The name of the secret.","description_kind":"plain","required":true},"script":{"type":"number","description":"The ID of the associated compute script.","description_kind":"plain","required":true},"value":{"type":"string","description":"The value of the secret.","description_kind":"plain","required":true,"sensitive":true}},"description":"This resource manages a secret for a Compute Script in bunny.net.","description_kind":"plain"}},"bunnynet_compute_script_variable":{"version":0,"block":{"attributes":{"default_value":{"type":"string","description":"The default value of the environment variable.","description_kind":"plain","required":true},"id":{"type":"number","description":"The ID of the environment variable.","description_kind":"plain","computed":true},"name":{"type":"string","description":"The name of the environment variable.","description_kind":"plain","required":true},"required":{"type":"bool","description":"Indicates whether the environment variable is required.","description_kind":"plain","required":true},"script":{"type":"number","description":"The ID of the associated compute script.","description_kind":"plain","required":true}},"description":"This resource manages an Environment variable for a Compute Script in bunny.net.","description_kind":"plain"}},"bunnynet_database":{"version":0,"block":{"attributes":{"id":{"type":"string","description":"The unique identifier for the database.","description_kind":"plain","computed":true},"name":{"type":"string","description":"The name of the database.","description_kind":"plain","required":true},"regions_primary":{"type":["set","string"],"description_kind":"plain","required":true},"regions_replica":{"type":["set","string"],"description_kind":"plain","optional":true,"computed":true},"url":{"type":"string","description":"The connection URL for the database.","description_kind":"plain","computed":true}},"description":"This resource manages an Database in bunny.net.","description_kind":"plain"}},"bunnynet_dns_record":{"version":0,"block":{"attributes":{"accelerated":{"type":"bool","description":"Indicates whether the DNS record should utilize bunny.net’s acceleration services.","description_kind":"plain","optional":true,"computed":true},"accelerated_pullzone":{"type":"number","description":"The ID of the accelerated pull zone.","description_kind":"plain","computed":true},"comment":{"type":"string","description":"This property allows users to add descriptive notes for documentation and management purposes.","description_kind":"plain","optional":true,"computed":true},"enabled":{"type":"bool","description":"Indicates whether the DNS record is enabled.","description_kind":"plain","optional":true,"computed":true},"flags":{"type":"number","description":"Flags for advanced DNS settings.","description_kind":"plain","optional":true,"computed":true},"geolocation_lat":{"type":"number","description":"The latitude for geolocation-based routing.","description_kind":"plain","optional":true,"computed":true},"geolocation_long":{"type":"number","description":"The longitude for geolocation-based routing.","description_kind":"plain","optional":true,"computed":true},"id":{"type":"number","description":"The unique identifier for the DNS record.","description_kind":"plain","computed":true},"latency_zone":{"type":"string","description":"The latency zone for latency-based routing.","description_kind":"plain","optional":true,"computed":true},"link_name":{"type":"string","description":"The name of the linked resource.","description_kind":"plain","computed":true},"monitor_type":{"type":"string","description":"Options: `Http`, `Monitor`, `None`, `Ping`","description_kind":"markdown","optional":true,"computed":true},"name":{"type":"string","description":"The name of the DNS record. Use \u003ccode\u003ename = \"\"\u003c/code\u003e for apex domain records.","description_kind":"markdown","required":true},"port":{"type":"number","description":"The port number for services that require a specific port.","description_kind":"plain","optional":true,"computed":true},"priority":{"type":"number","description":"The priority of the DNS record.","description_kind":"plain","optional":true,"computed":true},"pullzone_id":{"type":"number","description":"The ID of the linked pullzone.","description_kind":"plain","optional":true,"computed":true},"smart_routing_type":{"type":"string","description":"Options: `Geolocation`, `Latency`, `None`","description_kind":"markdown","optional":true,"computed":true},"tag":{"type":"string","description":"A tag for the DNS record.","description_kind":"plain","optional":true,"computed":true},"ttl":{"type":"number","description":"The time-to-live value for the DNS record.","description_kind":"plain","optional":true,"computed":true},"type":{"type":"string","description":"Options: `A`, `AAAA`, `CAA`, `CNAME`, `Flatten`, `HTTPS`, `MX`, `NS`, `PTR`, `PullZone`, `Redirect`, `SRV`, `SVCB`, `Script`, `TLSA`, `TXT`","description_kind":"markdown","required":true},"value":{"type":"string","description":"The value of the DNS record.","description_kind":"plain","required":true},"weight":{"type":"number","description":"The weight of the DNS record. It is used in load balancing scenarios to distribute traffic based on the specified weight.","description_kind":"plain","optional":true,"computed":true},"zone":{"type":"number","description":"ID of the related DNS zone.","description_kind":"plain","required":true}},"description":"This resource manages DNS records in a bunny.net DNS zone. It is used to create, update, and delete DNS records within a specific DNS zone managed by bunny.net.","description_kind":"plain"}},"bunnynet_dns_script":{"version":0,"block":{"attributes":{"content":{"type":"string","description":"The code of the script.","description_kind":"plain","required":true},"id":{"type":"number","description":"The ID of the script.","description_kind":"plain","computed":true},"name":{"type":"string","description":"The name of the script.","description_kind":"plain","required":true},"release":{"type":"string","description":"The current release identifier for the script.","description_kind":"plain","computed":true}},"description":"This resource manages a DNS script in bunny.net.","description_kind":"plain"}},"bunnynet_dns_script_variable":{"version":0,"block":{"attributes":{"id":{"type":"number","description":"The ID of the environment variable.","description_kind":"plain","computed":true},"name":{"type":"string","description":"The name of the environment variable.","description_kind":"plain","required":true},"script":{"type":"number","description":"The ID of the associated DNS script.","description_kind":"plain","required":true},"value":{"type":"string","description":"The value of the environment variable.","description_kind":"plain","required":true}},"description":"This resource manages an Environment Variable for a DNS Script in bunny.net.","description_kind":"plain"}},"bunnynet_dns_zone":{"version":0,"block":{"attributes":{"dnssec_algorithm":{"type":"number","description":"The DNSSEC algorithm.","description_kind":"markdown","computed":true},"dnssec_digest":{"type":"string","description":"The DNSSEC digest.","description_kind":"markdown","computed":true},"dnssec_digest_type":{"type":"number","description":"The DNSSEC digest type.","description_kind":"markdown","computed":true},"dnssec_enabled":{"type":"bool","description":"Indicates whether DNSSEC is enabled.","description_kind":"markdown","optional":true,"computed":true},"dnssec_flags":{"type":"number","description":"The DNSSEC flags.","description_kind":"markdown","computed":true},"dnssec_keytag":{"type":"number","description":"The DNSSEC key tag.","description_kind":"markdown","computed":true},"dnssec_public_key":{"type":"string","description":"The DNSSEC public key.","description_kind":"markdown","computed":true},"domain":{"type":"string","description":"The domain name for the DNS zone.","description_kind":"plain","required":true},"id":{"type":"number","description":"The unique identifier for the DNS zone.","description_kind":"plain","computed":true},"log_anonymized":{"type":"bool","description":"Indicates whether DNS logs are anonymized.","description_kind":"plain","optional":true,"computed":true},"log_anonymized_style":{"type":"string","description":"Options: `Drop`, `OneDigit`","description_kind":"markdown","optional":true,"computed":true},"log_enabled":{"type":"bool","description":"Indicates whether permanent logging for DNS queries is enabled.","description_kind":"plain","optional":true,"computed":true},"nameserver1":{"type":"string","description":"The primary nameserver for the DNS zone.","description_kind":"plain","optional":true,"computed":true},"nameserver2":{"type":"string","description":"The secondary nameserver for the DNS zone.","description_kind":"plain","optional":true,"computed":true},"nameserver_custom":{"type":"bool","description":"Indicates whether custom nameservers are used.","description_kind":"plain","optional":true,"computed":true},"soa_email":{"type":"string","description":"The email address used in the Start of Authority (SOA) record for the DNS zone.","description_kind":"plain","optional":true,"computed":true}},"description":"This resource manages a DNS zone in bunny.net. It is used to create and manage DNS zones.","description_kind":"plain"}},"bunnynet_pullzone":{"version":0,"block":{"attributes":{"add_canonical_header":{"type":"bool","description":"Indicates whether the Canonical header is added to the responses.","description_kind":"plain","optional":true,"computed":true},"allow_referers":{"type":["set","string"],"description":"The list of referrer hostnames that are allowed to access the pull zone. Requests containing the header \"Referer: hostname\" that is not on the list will be rejected. If empty, all the referrers are allowed.","description_kind":"plain","optional":true,"computed":true},"block_ips":{"type":["set","string"],"description":"The list of IPs that are blocked from accessing the pull zone. Requests coming from the following IPs will be rejected. If empty, all the IPs will be allowed","description_kind":"plain","optional":true,"computed":true},"block_no_referer":{"type":"bool","description":"Indicates whether requests without a referer should be blocked.","description_kind":"plain","optional":true,"computed":true},"block_post_requests":{"type":"bool","description":"Indicates whether to block POST requests.","description_kind":"plain","optional":true,"computed":true},"block_referers":{"type":["set","string"],"description":"The list of referrer hostnames that are blocked to access the pull zone. Requests containing the header \"Referer: hostname\" that is not on the list will be rejected. If empty, all the referrers are allowed.","description_kind":"plain","optional":true,"computed":true},"block_root_path":{"type":"bool","description":"This property indicates whether to block the root path.","description_kind":"plain","optional":true,"computed":true},"cache_chunked":{"type":"bool","description":"Indicates whether the cache slice (Optimize for large object delivery) feature is enabled for the Pull Zone","description_kind":"plain","optional":true,"computed":true},"cache_enabled":{"type":"bool","description":"Indicates whether smart caching is enabled.","description_kind":"plain","optional":true,"computed":true},"cache_errors":{"type":"bool","description":"Indicates whether bunny.net should be caching error responses.","description_kind":"plain","optional":true,"computed":true},"cache_expiration_time":{"type":"number","description":"The override cache time, in seconds.","description_kind":"plain","optional":true,"computed":true},"cache_expiration_time_browser":{"type":"number","description":"The override cache time for the end client, in seconds.","description_kind":"plain","optional":true,"computed":true},"cache_stale":{"type":["set","string"],"description":"Options: `offline`, `updating`","description_kind":"markdown","optional":true,"computed":true},"cache_vary":{"type":["set","string"],"description":"Options: `avif`, `cookie`, `country`, `hostname`, `mobile`, `querystring`, `state`, `webp`","description_kind":"markdown","optional":true,"computed":true},"cache_vary_cookie":{"type":["set","string"],"description":"Contains the list of vary parameters that will be used for vary cache by cookie string. If empty, cookie vary will not be used.","description_kind":"plain","optional":true,"computed":true},"cache_vary_headers":{"type":["set","string"],"description":"Contains the list of request headers will be used for vary cache. If empty, it will not be used.","description_kind":"plain","optional":true,"computed":true},"cache_vary_querystring":{"type":["set","string"],"description":"Contains the list of vary parameters that will be used for vary cache by query string. If empty, all parameters will be used to construct the key","description_kind":"plain","optional":true,"computed":true},"cdn_domain":{"type":"string","description":"The CNAME domain of the pull zone for setting up custom hostnames","description_kind":"plain","computed":true},"cors_enabled":{"type":"bool","description":"Indicates whether CORS (Cross-Origin Resource Sharing) is enabled.","description_kind":"plain","optional":true,"computed":true},"cors_extensions":{"type":["set","string"],"description":"A list of file extensions for which CORS is enabled.","description_kind":"plain","optional":true,"computed":true},"disable_letsencrypt":{"type":"bool","description":"If true, the built-in let's encrypt is disabled and requests are passed to the origin.","description_kind":"plain","optional":true,"computed":true},"errorpage_custom_content":{"type":"string","description":"Contains the custom error page code that will be returned.","description_kind":"plain","optional":true,"computed":true},"errorpage_custom_enabled":{"type":"bool","description":"Indicates whether custom error page code should be enabled.","description_kind":"plain","optional":true,"computed":true},"errorpage_statuspage_code":{"type":"string","description":"The statuspage code that will be used to build the status widget.","description_kind":"plain","optional":true,"computed":true},"errorpage_statuspage_enabled":{"type":"bool","description":"Indicates whether the statuspage widget should be displayed on the error pages.","description_kind":"plain","optional":true,"computed":true},"errorpage_whitelabel":{"type":"bool","description":"Indicates whether the error pages should be white-labelled or not","description_kind":"plain","optional":true,"computed":true},"id":{"type":"number","description":"The unique ID of the pull zone.","description_kind":"plain","computed":true},"limit_after":{"type":"number","description":"The amount of data after the rate limit will be activated.","description_kind":"plain","optional":true,"computed":true},"limit_bandwidth":{"type":"number","description":"The maximum bandwidth limit in bytes.","description_kind":"plain","optional":true,"computed":true},"limit_burst":{"type":"number","description":"Excessive requests are delayed until their number exceeds the maximum burst size.","description_kind":"plain","optional":true,"computed":true},"limit_connections":{"type":"number","description":"The number of connections limited per IP.","description_kind":"plain","optional":true,"computed":true},"limit_download_speed":{"type":"number","description":"The maximum download speed, in kb/s. Use 0 for unlimited.","description_kind":"plain","optional":true,"computed":true},"limit_requests":{"type":"number","description":"The maximum amount of requests per IP per second.","description_kind":"plain","optional":true,"computed":true},"log_anonymized":{"type":"bool","description":"Indicates whether logs are anonymized.","description_kind":"plain","optional":true,"computed":true},"log_anonymized_style":{"type":"string","description":"Options: `Drop`, `OneDigit`","description_kind":"markdown","optional":true,"computed":true},"log_enabled":{"type":"bool","description":"Indicates whether logging is enabled.","description_kind":"plain","optional":true,"computed":true},"log_forward_enabled":{"type":"bool","description":"Indicates whether log forwarding is enabled.","description_kind":"plain","optional":true,"computed":true},"log_forward_format":{"type":"string","description":"Options: `JSON`, `Plain`","description_kind":"markdown","optional":true,"computed":true},"log_forward_port":{"type":"number","description":"The port number for log forwarding.","description_kind":"plain","optional":true,"computed":true},"log_forward_protocol":{"type":"string","description":"Options: `DataDog`, `TCP`, `TCPEncrypted`, `UDP`","description_kind":"markdown","optional":true,"computed":true},"log_forward_server":{"type":"string","description":"The server address for log forwarding.","description_kind":"plain","optional":true,"computed":true},"log_forward_token":{"type":"string","description":"The token used for log forwarding authentication.","description_kind":"plain","optional":true,"computed":true},"log_storage_enabled":{"type":"bool","description":"Indicates whether log storage is enabled.","description_kind":"plain","optional":true,"computed":true},"log_storage_zone":{"type":"number","description":"The storage zone ID for log storage.","description_kind":"plain","optional":true,"computed":true},"name":{"type":"string","description":"The name of the pull zone.","description_kind":"plain","required":true},"optimizer_burrow":{"type":"bool","description":"Indicates whether Burrow Smart Routing should be enabled.","description_kind":"plain","optional":true,"computed":true},"optimizer_classes_force":{"type":"bool","description":"Indicates whether the optimizer class list should be enforced.","description_kind":"plain","optional":true,"computed":true},"optimizer_dynamic_image_api":{"type":"bool","description":"Indicates whether the image manipulation should be enabled.","description_kind":"plain","optional":true,"computed":true},"optimizer_enabled":{"type":"bool","description":"Indicates whether Bunny Optimizer should be enabled.","description_kind":"plain","optional":true,"computed":true},"optimizer_html_prerender":{"type":"bool","description":"Indicates whether HTML Prerender should be enabled.","description_kind":"plain","optional":true,"computed":true},"optimizer_minify_css":{"type":"bool","description":"Indicates whether the CSS minification should be enabled.","description_kind":"plain","optional":true,"computed":true},"optimizer_minify_js":{"type":"bool","description":"Indicates whether the JavaScript minification should be enabled.","description_kind":"plain","optional":true,"computed":true},"optimizer_smartimage":{"type":"bool","description":"Indicates whether the automatic image optimization should be enabled.","description_kind":"plain","optional":true,"computed":true},"optimizer_smartimage_desktop_maxwidth":{"type":"number","description":"The maximum automatic image size for desktop clients.","description_kind":"plain","optional":true,"computed":true},"optimizer_smartimage_desktop_quality":{"type":"number","description":"The image quality for desktop clients.","description_kind":"plain","optional":true,"computed":true},"optimizer_smartimage_mobile_maxwidth":{"type":"number","description":"The maximum automatic image size for mobile clients.","description_kind":"plain","optional":true,"computed":true},"optimizer_smartimage_mobile_quality":{"type":"number","description":"Determines the image quality for mobile clients","description_kind":"plain","optional":true,"computed":true},"optimizer_watermark":{"type":"bool","description":"Indicates whether image watermarking should be enabled.","description_kind":"plain","optional":true,"computed":true},"optimizer_watermark_borderoffset":{"type":"number","description":"The offset of the watermark image.","description_kind":"plain","optional":true,"computed":true},"optimizer_watermark_minsize":{"type":"number","description":"The minimum image size to which the watermark will be added.","description_kind":"plain","optional":true,"computed":true},"optimizer_watermark_position":{"type":"string","description":"Options: `BottomLeft`, `BottomRight`, `Center`, `CenterStretch`, `TopLeft`, `TopRight`","description_kind":"markdown","optional":true,"computed":true},"optimizer_watermark_url":{"type":"string","description":"The URL of the watermark image.","description_kind":"plain","optional":true,"computed":true},"optimizer_webp":{"type":"bool","description":"Indicates whether the WebP optimization should be enabled.","description_kind":"plain","optional":true,"computed":true},"originshield_concurrency_limit":{"type":"bool","description":"Indicates whether there is a concurrency limit for Origin Shield.","description_kind":"plain","optional":true,"computed":true},"originshield_concurrency_requests":{"type":"number","description":"The number of concurrent requests for Origin Shield.","description_kind":"plain","optional":true,"computed":true},"originshield_enabled":{"type":"bool","description":"Indicates whether Origin Shield is enabled.","description_kind":"plain","optional":true,"computed":true},"originshield_queue_requests":{"type":"number","description":"The number of queued requests for Origin Shield.","description_kind":"plain","optional":true,"computed":true},"originshield_queue_wait":{"type":"number","description":"The maximum wait time for queued requests in Origin Shield, in seconds.","description_kind":"plain","optional":true,"computed":true},"originshield_zone":{"type":"string","description":"Options: `FR`, `IL`","description_kind":"markdown","optional":true,"computed":true},"permacache_storagezone":{"type":"number","description":"The storage zone ID for Perma-Cache.","description_kind":"plain","optional":true,"computed":true},"request_coalescing_enabled":{"type":"bool","description":"Indicates whether request coalescing is enabled.","description_kind":"plain","optional":true,"computed":true},"request_coalescing_timeout":{"type":"number","description":"Specifies the timeout period, in seconds, for request coalescing, determining how long to wait before sending combined requests to the origin.","description_kind":"plain","optional":true,"computed":true},"s3_auth_enabled":{"type":"bool","description":"Indicates whether requests to origin will be signed with AWS Signature Version 4.","description_kind":"plain","optional":true,"computed":true},"s3_auth_key":{"type":"string","description":"The access key used to authenticate the requests.","description_kind":"plain","optional":true,"computed":true},"s3_auth_region":{"type":"string","description":"The region name of the bucket used to authenticate the requests.","description_kind":"plain","optional":true,"computed":true},"s3_auth_secret":{"type":"string","description":"The secret key used to authenticate the requests.","description_kind":"plain","optional":true,"computed":true},"safehop_connection_timeout":{"type":"number","description":"The amount of seconds to wait when connecting to the origin. Otherwise the request will fail or retry.","description_kind":"plain","optional":true,"computed":true},"safehop_enabled":{"type":"bool","description_kind":"plain","optional":true,"computed":true},"safehop_response_timeout":{"type":"number","description":"The amount of seconds to wait when waiting for the origin reply. Otherwise the request will fail or retry.","description_kind":"plain","optional":true,"computed":true},"safehop_retry_count":{"type":"number","description":"The number of retries to the origin server.","description_kind":"plain","optional":true,"computed":true},"safehop_retry_delay":{"type":"number","description":"The amount of time that the CDN should wait before retrying an origin request.","description_kind":"plain","optional":true,"computed":true},"safehop_retry_reasons":{"type":["set","string"],"description":"Options: `5xxResponse`, `connectionTimeout`, `responseTimeout`","description_kind":"markdown","optional":true,"computed":true},"sort_querystring":{"type":"bool","description":"If enabled, the query parameters will be automatically sorted into a consistent order before checking the cache.","description_kind":"plain","optional":true,"computed":true},"strip_cookies":{"type":"bool","description":"If enabled, bunny.net will strip all the Set-Cookie headers from the HTTP responses.","description_kind":"plain","optional":true,"computed":true},"tls_support":{"type":["set","string"],"description":"Options: `TLSv1.0`, `TLSv1.1`","description_kind":"markdown","optional":true,"computed":true},"token_auth_enabled":{"type":"bool","description":"Indicates whether requests without a valid token and expiry timestamp will be rejected.","description_kind":"plain","optional":true,"computed":true},"token_auth_ip_validation":{"type":"bool","description":"Indicates whether the secure hash generated by the server will also include an IP address.","description_kind":"plain","optional":true,"computed":true},"token_auth_key":{"type":"string","description":"The auth key used for secure URL token authentication.","description_kind":"plain","computed":true,"sensitive":true},"use_background_update":{"type":"bool","description":"Indicates whether cache update is performed in the background.","description_kind":"plain","optional":true,"computed":true},"websockets_enabled":{"type":"bool","description":"Indicates whether the WebSocket support is enabled.","description_kind":"plain","optional":true,"computed":true},"websockets_max_connections":{"type":"number","description":"The maximum allowed concurrent WebSocket connections.","description_kind":"plain","optional":true,"computed":true}},"block_types":{"origin":{"nesting_mode":"single","block":{"attributes":{"container_app_id":{"type":"string","description":"The ID if the compute container app.","description_kind":"plain","optional":true},"container_endpoint_id":{"type":"string","description":"The ID if the compute container app endpoint.","description_kind":"plain","optional":true},"dns_port":{"type":"number","description":"The port for DNS Accelerated endpoints.","description_kind":"plain","optional":true},"dns_scheme":{"type":"string","description":"The scheme for DNS Accelerated endpoints.","description_kind":"plain","optional":true},"follow_redirects":{"type":"bool","description":"Indicates whether the zone will follow origin redirects.","description_kind":"plain","optional":true,"computed":true},"forward_host_header":{"type":"bool","description":"Indicates whether the current hostname is forwarded to the origin.","description_kind":"plain","optional":true,"computed":true},"host_header":{"type":"string","description":"The host header that will be sent to the origin.","description_kind":"plain","optional":true,"computed":true},"middleware_script":{"type":"number","description":"The ID of the compute script used as a middleware.","description_kind":"plain","optional":true,"computed":true},"script":{"type":"number","description":"The ID of the linked compute script.","description_kind":"plain","optional":true},"storagezone":{"type":"number","description":"The ID of the linked storage zone.","description_kind":"plain","optional":true},"type":{"type":"string","description":"Options: `ComputeContainer`, `ComputeScript`, `DnsAccelerate`, `OriginUrl`, `StorageZone`","description_kind":"markdown","required":true},"url":{"type":"string","description":"The origin URL from where the files are fetched.","description_kind":"plain","optional":true},"verify_ssl":{"type":"bool","description":"Indicates whether the Origin's TLS certificate should be verified.","description_kind":"plain","optional":true,"computed":true}},"description_kind":"plain"}},"routing":{"nesting_mode":"single","block":{"attributes":{"blocked_countries":{"type":["set","string"],"description":"The list of blocked countries with the two-letter Alpha2 ISO codes. Traffic connecting from a blocked country will be rejected on the DNS level.","description_kind":"plain","optional":true,"computed":true},"filters":{"type":["set","string"],"description":"Options: `all`, `eu`, `scripting`","description_kind":"markdown","optional":true,"computed":true},"redirected_countries":{"type":["set","string"],"description":"The list of budget redirected countries with the two-letter Alpha2 ISO codes. Traffic from a redirected country will connect to the cheapest possible node in North America or Europe.","description_kind":"plain","optional":true,"computed":true},"tier":{"type":"string","description":"Options: `Standard`, `Volume`","description_kind":"markdown","optional":true,"computed":true},"zones":{"type":["set","string"],"description":"Options: `AF`, `ASIA`, `EU`, `SA`, `US`","description_kind":"markdown","optional":true,"computed":true}},"description_kind":"plain"}}},"description":"This resource manages a bunny.net pullzone. Pullzones fetch content from the origin server and deliver it to end-users.","description_kind":"plain"}},"bunnynet_pullzone_access_list":{"version":0,"block":{"attributes":{"action":{"type":"string","description":"Options: `Allow`, `Block`, `Bypass`, `Challenge`, `Log`","description_kind":"plain","required":true},"enabled":{"type":"bool","description":"Indicated whether the Access List is enabled.","description_kind":"plain","optional":true,"computed":true},"entries":{"type":["set","string"],"description":"The Access List entries.","description_kind":"plain","required":true},"id":{"type":"number","description":"The ID of the Access List.","description_kind":"plain","computed":true},"name":{"type":"string","description":"The Access List name.","description_kind":"plain","required":true},"pullzone":{"type":"number","description":"The ID of the linked pullzone.","description_kind":"plain","required":true},"type":{"type":"string","description":"Options: `ASN`, `CIDR`, `Country`, `IP`, `JA4`, `Organization`","description_kind":"plain","required":true}},"description":"This resource manages an Access List for a bunny.net pullzone.","description_kind":"plain"}},"bunnynet_pullzone_edgerule":{"version":0,"block":{"attributes":{"action":{"type":"string","description":"Options: `BlockRequest`, `BypassAwsS3Authentication`, `BypassPermaCache`, `DisableOptimizer`, `DisableRequestCoalescing`, `DisableShield`, `DisableShieldAccessLists`, `DisableShieldBotDetection`, `DisableShieldChallenge`, `DisableShieldRateLimiting`, `DisableTokenAuthentication`, `DisableWAF`, `EnableRequestCoalescing`, `EnableTokenAuthentication`, `ForceCompression`, `ForceDownload`, `ForceSSL`, `IgnoreQueryString`, `OriginMagicContainers`, `OriginStorage`, `OriginUrl`, `OverrideBrowserCacheResponseHeader`, `OverrideBrowserCacheTime`, `OverrideCacheTime`, `OverrideCacheTimePublic`, `Redirect`, `RemoveBrowserCacheResponseHeader`, `RetryOrigin`, `RunEdgeScript`, `SetConnectionLimit`, `SetNetworkRateLimit`, `SetRequestHeader`, `SetRequestsPerSecondLimit`, `SetResponseHeader`, `SetStatusCode`","description_kind":"markdown","optional":true},"action_parameter1":{"type":"string","description_kind":"plain","optional":true},"action_parameter2":{"type":"string","description_kind":"plain","optional":true},"action_parameter3":{"type":"string","description_kind":"plain","optional":true},"actions":{"type":["list",["object",{"parameter1":"string","parameter2":"string","parameter3":"string","type":"string"}]],"description":"List of actions for the edge rule.","description_kind":"plain","optional":true,"computed":true},"description":{"type":"string","description":"The description of the edge rule.","description_kind":"plain","optional":true,"computed":true},"enabled":{"type":"bool","description":"Indicates whether the edge rule is enabled.","description_kind":"plain","required":true},"id":{"type":"string","description":"The unique GUID of the edge rule.","description_kind":"plain","computed":true},"match_type":{"type":"string","description":"Options: `MatchAll`, `MatchAny`, `MatchNone`","description_kind":"markdown","optional":true,"computed":true},"priority":{"type":"number","description":"The priority of the edge rule. The lower number is executed first.","description_kind":"plain","optional":true,"computed":true},"pullzone":{"type":"number","description_kind":"plain","required":true},"triggers":{"type":["list",["object",{"match_type":"string","parameter1":"string","parameter2":"string","patterns":["list","string"],"type":"string"}]],"description_kind":"plain","required":true}},"description":"This resource manages edge rules for a bunny.net pull zone. It is used to define and configure rules that determine how content is delivered at the edge.","description_kind":"plain"}},"bunnynet_pullzone_hostname":{"version":0,"block":{"attributes":{"certificate":{"type":"string","description":"The certificate for the hostname, in PEM format. ***Important***: the Bunny API will not return the certificate data, so you'll have to make sure you're importing the correct certificate.","description_kind":"markdown","optional":true,"computed":true},"certificate_key":{"type":"string","description":"The certificate private key for the hostname, in PEM format. ***Important***: the Bunny API will not return the certificate key, so you'll have to make sure you're importing the correct certificate key.","description_kind":"markdown","optional":true,"computed":true},"force_ssl":{"type":"bool","description":"Indicates whether SSL should be enforced for the hostname.","description_kind":"plain","optional":true,"computed":true},"id":{"type":"number","description":"The unique ID of the hostname.","description_kind":"plain","computed":true},"is_internal":{"type":"bool","description":"Indicates whether the hostname is internal (in the CDN domain) or provided by the user.","description_kind":"plain","computed":true},"name":{"type":"string","description":"The hostname value for the domain name.","description_kind":"plain","required":true},"pullzone":{"type":"number","description":"The ID of the linked pull zone.","description_kind":"plain","required":true},"tls_enabled":{"type":"bool","description":"Indicates whether the hostname should support HTTPS. If a custom certificate is not provided via the \u003ccode\u003ecertificate\u003c/code\u003e attribute, a Domain-validated TLS certificate will be automatically obtained and managed by Bunny. ***Important***: it is not possible to tell managed and custom certificates apart for imported resources.","description_kind":"markdown","optional":true,"computed":true}},"description":"This resource manages custom hostnames for a bunny.net pull zone. It is used to add and configure custom hostnames for pullzones.","description_kind":"plain"}},"bunnynet_pullzone_optimizer_class":{"version":0,"block":{"attributes":{"aspect_ratio":{"type":"string","description":"The aspect ratio for image optimization.","description_kind":"plain","optional":true},"auto_optimize":{"type":"string","description":"Indicates whether automatic optimization for images is enabled.","description_kind":"plain","optional":true},"blur":{"type":"number","description":"The level of blur to apply to images.","description_kind":"plain","optional":true},"brightness":{"type":"number","description":"The brightness adjustment for images.","description_kind":"plain","optional":true},"contrast":{"type":"number","description":"The contrast adjustment for images.","description_kind":"plain","optional":true},"crop":{"type":"string","description":"The cropping settings for images.","description_kind":"plain","optional":true},"crop_gravity":{"type":"string","description":"The gravity setting for cropping.","description_kind":"plain","optional":true},"flip":{"type":"bool","description":"Indicates whether to flip images horizontally.","description_kind":"plain","optional":true},"flop":{"type":"bool","description":"Indicates whether to flip images vertically.","description_kind":"plain","optional":true},"height":{"type":"number","description":"The height to which images should be resized.","description_kind":"plain","optional":true},"hue":{"type":"number","description":"The hue adjustment for images.","description_kind":"plain","optional":true},"name":{"type":"string","description":"The name of the optimizer class.","description_kind":"plain","required":true},"pullzone":{"type":"number","description":"The ID of the linked pull zone.","description_kind":"plain","required":true},"quality":{"type":"number","description":"The quality setting for image optimization.","description_kind":"plain","optional":true},"saturation":{"type":"number","description":"The saturation adjustment for images.","description_kind":"plain","optional":true},"sepia":{"type":"number","description":"The level of sepia tone to apply to images.","description_kind":"plain","optional":true},"sharpen":{"type":"bool","description":"Indicates whether to sharpen images.","description_kind":"plain","optional":true},"width":{"type":"number","description":"The width to which images should be resized.","description_kind":"plain","optional":true}},"description":"This resource manages optimizer classes for a bunny.net pull zone. It is used to define Bunny Optimizer settings for pullzones.","description_kind":"plain"}},"bunnynet_pullzone_ratelimit_rule":{"version":1,"block":{"attributes":{"description":{"type":"string","description":"The rate limit rule description.","description_kind":"plain","optional":true},"id":{"type":"number","description":"The ID of the rate limit rule.","description_kind":"plain","computed":true},"name":{"type":"string","description":"The rate limit rule name.","description_kind":"plain","required":true},"pullzone":{"type":"number","description":"The ID of the linked pullzone.","description_kind":"plain","required":true},"transformations":{"type":["set","string"],"description":"Options: `CMDLINE`, `COMPRESSWHITESPACE`, `CSSDECODE`, `HEXENCODE`, `HTMLENTITYDECODE`, `JSDECODE`, `LENGTH`, `LOWERCASE`, `MD5`, `NORMALISEPATH`, `NORMALISEPATHWIN`, `NORMALIZEPATH`, `NORMALIZEPATHWIN`, `REMOVECOMMENTS`, `REMOVENULLS`, `REMOVEWHITESPACE`, `REPLACECOMMENTS`, `SHA1`, `URLDECODE`, `URLDECODEUNI`, `UTF8TOUNICODE`","description_kind":"plain","optional":true}},"block_types":{"condition":{"nesting_mode":"list","block":{"attributes":{"operator":{"type":"string","description":"Options: `BEGINSWITH`, `CONTAINS`, `CONTAINSWORD`, `DETECTSQLI`, `DETECTXSS`, `ENDSWITH`, `EQ`, `GE`, `GT`, `LE`, `LT`, `RX`, `STREQ`, `STRMATCH`, `WITHIN`","description_kind":"plain","required":true},"value":{"type":"string","description_kind":"plain","required":true},"variable":{"type":"string","description":"Options: `ARGS`, `ARGS_COMBINED_SIZE`, `ARGS_GET`, `ARGS_GET_NAMES`, `ARGS_POST`, `ARGS_POST_NAMES`, `FILES_NAMES`, `FINGERPRINT`, `GEO`, `QUERY_STRING`, `REMOTE_ADDR`, `REQUEST_BASENAME`, `REQUEST_BODY`, `REQUEST_COOKIES`, `REQUEST_COOKIES_NAMES`, `REQUEST_FILENAME`, `REQUEST_HEADERS`, `REQUEST_HEADERS_NAMES`, `REQUEST_LINE`, `REQUEST_METHOD`, `REQUEST_PROTOCOL`, `REQUEST_URI`, `REQUEST_URI_RAW`, `RESPONSE_BODY`, `RESPONSE_HEADERS`, `RESPONSE_STATUS`, `VERIFIED_BOT_CATEGORY`","description_kind":"plain","required":true},"variable_value":{"type":"string","description_kind":"plain","optional":true}},"description":"The condition to trigger the rate limit rule.","description_kind":"plain"}},"limit":{"nesting_mode":"single","block":{"attributes":{"interval":{"type":"number","description":"The interval, in seconds, to consider for to trigger the rate limit rule.","description_kind":"plain","required":true},"requests":{"type":"number","description":"The number of request within the interval to trigger the rate limit rule.","description_kind":"plain","required":true}},"description_kind":"plain"}},"response":{"nesting_mode":"single","block":{"attributes":{"interval":{"type":"number","description":"The interval, in seconds, that the rate limit will apply.","description_kind":"plain","required":true}},"description":"The response once the rate limit rule is triggered.","description_kind":"plain"}}},"description":"This resource manages a rate limit rule for a bunny.net pullzone.","description_kind":"plain"}},"bunnynet_pullzone_shield":{"version":0,"block":{"attributes":{"id":{"type":"number","description":"The ID of the Bunny Shield.","description_kind":"plain","computed":true},"pullzone":{"type":"number","description":"The ID of the linked pullzone.","description_kind":"plain","required":true},"tier":{"type":"string","description":"Options: `Advanced`, `Basic`, `Business`, `Enterprise`","description_kind":"plain","optional":true,"computed":true},"whitelabel":{"type":"bool","description":"Replace our bunny.net branded block and challenge pages with a white-labelled experience.","description_kind":"plain","optional":true,"computed":true}},"block_types":{"access_list":{"nesting_mode":"set","block":{"attributes":{"action":{"type":"string","description":"Options: `Allow`, `Block`, `Bypass`, `Challenge`, `Log`","description_kind":"plain","required":true},"id":{"type":"number","description":"The ID of the Access List.","description_kind":"plain","required":true}},"description_kind":"plain"}},"bot_detection":{"nesting_mode":"single","block":{"attributes":{"complex_fingerprinting":{"type":"bool","description":"Combines advanced entropy analysis and cross-session consistency.","description_kind":"plain","optional":true,"computed":true},"fingerprint_aggression":{"type":"number","description":"Controls how assertively unusual fingerprints are treated as bots.","description_kind":"plain","optional":true,"computed":true},"fingerprint_sensitivity":{"type":"number","description":"Adjusts how precisely browsers are checked for signs of automation.","description_kind":"plain","optional":true,"computed":true},"ip_sensitivity":{"type":"number","description":"Monitors IP behaviour, reputation, and rate patterns.","description_kind":"plain","optional":true,"computed":true},"mode":{"type":"string","description":"Indicates the mode the Bot Detection engine is running. Options: `Challenge`, `Log`","description_kind":"plain","optional":true,"computed":true},"request_integrity":{"type":"number","description":"Analyzes request headers, query structure, and protocol anomalies.","description_kind":"plain","optional":true,"computed":true}},"description":"Configures Bot Detection settings.","description_kind":"plain"}},"ddos":{"nesting_mode":"single","block":{"attributes":{"challenge_window":{"type":"number","description":"The window of time a visitor can access your website after passing a challenge. Once the timeout expires, they'll face a new challenge.","description_kind":"plain","optional":true,"computed":true},"level":{"type":"string","description":"Options: `Asleep`, `Extreme`, `High`, `Low`, `Medium`","description_kind":"plain","required":true},"mode":{"type":"string","description":"Indicates the mode the engine is running. Options: `Block`, `Log`","description_kind":"plain","optional":true,"computed":true}},"description":"Configures DDoS settings.","description_kind":"plain"}},"waf":{"nesting_mode":"single","block":{"attributes":{"allowed_http_methods":{"type":["set","string"],"description":"Indicates allowed HTTP methods.","description_kind":"plain","optional":true,"computed":true},"allowed_http_versions":{"type":["set","string"],"description":"Indicates allowed HTTP versions.","description_kind":"plain","optional":true,"computed":true},"allowed_request_content_types":{"type":["set","string"],"description":"Indicates allowed values for request Content-Type.","description_kind":"plain","optional":true,"computed":true},"blocking_sensitivity":{"type":"number","description":"Determines which severity level of rules will block requests.","description_kind":"plain","optional":true,"computed":true},"body_limit_request":{"type":"string","description":"Determines the action to take when the request body length exceeds your plan limit. Options: `Block`, `Ignore`, `Log`","description_kind":"plain","optional":true,"computed":true},"body_limit_response":{"type":"string","description":"Determines the action to take when the response body length exceeds your plan limit. Options: `Block`, `Ignore`, `Log`","description_kind":"plain","optional":true,"computed":true},"detection_sensitivity":{"type":"number","description":"Determines which severity level of rules will trigger a detection log.","description_kind":"plain","optional":true,"computed":true},"enabled":{"type":"bool","description":"Indicates whether the WAF (Web Application Firewall) is enabled.","description_kind":"plain","required":true},"execution_sensitivity":{"type":"number","description":"Determines which severity level of rules will trigger the rules and their action.","description_kind":"plain","optional":true,"computed":true},"log_headers":{"type":"bool","description":"When enabled, detected WAF audit logs will contain the full list of request headers sent during the request.","description_kind":"plain","optional":true,"computed":true},"log_headers_excluded":{"type":["set","string"],"description":"The list of headers excluded from the logs. They will still be used for processing WAF rules.","description_kind":"plain","optional":true,"computed":true},"mode":{"type":"string","description":"Indicates the mode the engine is running. Options: `Block`, `Log`","description_kind":"plain","optional":true,"computed":true},"realtime_threat_intelligence":{"type":"bool","description":"Real-time Threat Intelligence delivers zero-day protection by instantly detecting and blocking emerging threats.","description_kind":"plain","optional":true,"computed":true},"rules_disabled":{"type":["set","string"],"description":"List of disabled WAF rules.","description_kind":"plain","optional":true,"computed":true},"rules_logonly":{"type":["set","string"],"description":"List of WAF rules that will not be blocked, but will be logged when triggered.","description_kind":"plain","optional":true,"computed":true}},"description":"Configures WAF settings.","description_kind":"plain"}}},"description":"This resource manages Bunny Shield for a bunny.net pullzone.","description_kind":"plain"}},"bunnynet_pullzone_waf_rule":{"version":1,"block":{"attributes":{"description":{"type":"string","description":"The WAF rule description.","description_kind":"plain","optional":true},"id":{"type":"number","description":"The ID of the WAF rule.","description_kind":"plain","computed":true},"name":{"type":"string","description":"The WAF rule name.","description_kind":"plain","required":true},"pullzone":{"type":"number","description":"The ID of the linked pullzone.","description_kind":"plain","required":true},"transformations":{"type":["set","string"],"description":"Options: `CMDLINE`, `COMPRESSWHITESPACE`, `CSSDECODE`, `HEXENCODE`, `HTMLENTITYDECODE`, `JSDECODE`, `LENGTH`, `LOWERCASE`, `MD5`, `NORMALISEPATH`, `NORMALISEPATHWIN`, `NORMALIZEPATH`, `NORMALIZEPATHWIN`, `REMOVECOMMENTS`, `REMOVENULLS`, `REMOVEWHITESPACE`, `REPLACECOMMENTS`, `SHA1`, `URLDECODE`, `URLDECODEUNI`, `UTF8TOUNICODE`","description_kind":"plain","optional":true}},"block_types":{"condition":{"nesting_mode":"list","block":{"attributes":{"operator":{"type":"string","description":"Options: `BEGINSWITH`, `CONTAINS`, `CONTAINSWORD`, `DETECTSQLI`, `DETECTXSS`, `ENDSWITH`, `EQ`, `GE`, `GT`, `LE`, `LT`, `RX`, `STREQ`, `STRMATCH`, `WITHIN`","description_kind":"plain","required":true},"value":{"type":"string","description_kind":"plain","required":true},"variable":{"type":"string","description":"Options: `ARGS`, `ARGS_COMBINED_SIZE`, `ARGS_GET`, `ARGS_GET_NAMES`, `ARGS_POST`, `ARGS_POST_NAMES`, `FILES_NAMES`, `FINGERPRINT`, `GEO`, `QUERY_STRING`, `REMOTE_ADDR`, `REQUEST_BASENAME`, `REQUEST_BODY`, `REQUEST_COOKIES`, `REQUEST_COOKIES_NAMES`, `REQUEST_FILENAME`, `REQUEST_HEADERS`, `REQUEST_HEADERS_NAMES`, `REQUEST_LINE`, `REQUEST_METHOD`, `REQUEST_PROTOCOL`, `REQUEST_URI`, `REQUEST_URI_RAW`, `RESPONSE_BODY`, `RESPONSE_HEADERS`, `RESPONSE_STATUS`, `VERIFIED_BOT_CATEGORY`","description_kind":"plain","required":true},"variable_value":{"type":"string","description_kind":"plain","optional":true}},"description":"The condition to trigger the WAF rule.","description_kind":"plain"}},"response":{"nesting_mode":"single","block":{"attributes":{"action":{"type":"string","description":"The action to take if the WAF rule is triggered. Options: `Allow`, `Block`, `Bypass`, `Challenge`, `Log`","description_kind":"plain","required":true}},"description":"The response once the WAF rule is triggered.","description_kind":"plain"}}},"description":"This resource manages a WAF rule for a bunny.net pullzone.","description_kind":"plain"}},"bunnynet_storage_file":{"version":0,"block":{"attributes":{"checksum":{"type":"string","description":"The SHA-256 hash of the stored file.","description_kind":"plain","computed":true},"content":{"type":"string","description":"The to be stored in the file. Use \u003ccode\u003esource\u003c/code\u003e to upload files from the local disk.","description_kind":"markdown","optional":true},"content_type":{"type":"string","description":"Specifies the content type of the file.","description_kind":"plain","optional":true,"computed":true},"date_created":{"type":"string","description":"The date and time when the file was created.","description_kind":"plain","computed":true},"date_modified":{"type":"string","description":"The date and time when the file was last modified.","description_kind":"plain","computed":true},"id":{"type":"string","description":"The unique identifier for the file.","description_kind":"plain","computed":true},"path":{"type":"string","description":"The path of the file within the storage zone.","description_kind":"plain","required":true},"size":{"type":"number","description":"The size of the file in bytes.","description_kind":"plain","computed":true},"source":{"type":"string","description":"The path in the local disk for the file to be uploaded to the storage zone. Use \u003ccode\u003econtent\u003c/code\u003e to define the content directly.","description_kind":"markdown","optional":true},"zone":{"type":"number","description":"The ID of the storage zone where the file is stored.","description_kind":"plain","required":true}},"description":"This resource manages files in a bunny.net storage zone. It is used to upload, update, and delete files within a storage zone.","description_kind":"plain"}},"bunnynet_storage_zone":{"version":0,"block":{"attributes":{"custom_404_file_path":{"type":"string","description":"The file path for a custom 404 error page.","description_kind":"plain","optional":true},"date_modified":{"type":"string","description":"The date when the zone was last modified.","description_kind":"plain","computed":true},"hostname":{"type":"string","description":"The hostname for accessing the storage zone.","description_kind":"plain","computed":true},"id":{"type":"number","description":"The ID of the storage zone.","description_kind":"plain","computed":true},"name":{"type":"string","description":"The name of the storage zone.","description_kind":"plain","required":true},"password":{"type":"string","description":"The password for accessing the storage zone.","description_kind":"plain","computed":true,"sensitive":true},"password_readonly":{"type":"string","description":"The read-only password for accessing the storage zone.","description_kind":"plain","computed":true,"sensitive":true},"region":{"type":"string","description":"The region where the storage zone is located.","description_kind":"plain","required":true},"replication_regions":{"type":["set","string"],"description":"A set of regions for data replication.","description_kind":"plain","optional":true,"computed":true},"rewrite_404_to_200":{"type":"bool","description":"Indicates whether to rewrite 404 errors to 200 status.","description_kind":"plain","optional":true,"computed":true},"type":{"type":"string","description":"Options: `S3`, `Standard`","description_kind":"markdown","optional":true,"computed":true},"zone_tier":{"type":"string","description":"Options: `Edge`, `Standard`","description_kind":"markdown","required":true}},"description":"This resource manages a bunny.net storage zone. It is used to create and manage storage zones.","description_kind":"plain"}},"bunnynet_stream_collection":{"version":0,"block":{"attributes":{"id":{"type":"string","description":"The unique identifier for the stream collection.","description_kind":"plain","computed":true},"library":{"type":"number","description":"The ID of the stream library to which the collection belongs.","description_kind":"plain","required":true},"name":{"type":"string","description":"The name of the stream collection.","description_kind":"plain","required":true}},"description":"This resource manages collections in bunny.net Stream. It is used to create and organize collections of video content.","description_kind":"plain"}},"bunnynet_stream_library":{"version":0,"block":{"attributes":{"api_key":{"type":"string","description":"The API key for accessing the stream library.","description_kind":"plain","computed":true,"sensitive":true},"bitrate_1080p":{"type":"number","description":"The bitrate used for encoding 1080p videos, in kilobits per second.","description_kind":"plain","optional":true,"computed":true},"bitrate_1440p":{"type":"number","description":"The bitrate used for encoding 1440p videos, in kilobits per second.","description_kind":"plain","optional":true,"computed":true},"bitrate_2160p":{"type":"number","description":"The bitrate used for encoding 2160p videos, in kilobits per second.","description_kind":"plain","optional":true,"computed":true},"bitrate_240p":{"type":"number","description":"The bitrate used for encoding 240p videos, in kilobits per second.","description_kind":"plain","optional":true,"computed":true},"bitrate_360p":{"type":"number","description":"The bitrate used for encoding 360p videos, in kilobits per second.","description_kind":"plain","optional":true,"computed":true},"bitrate_480p":{"type":"number","description":"The bitrate used for encoding 480p videos, in kilobits per second.","description_kind":"plain","optional":true,"computed":true},"bitrate_720p":{"type":"number","description":"The bitrate used for encoding 720p videos, in kilobits per second.","description_kind":"plain","optional":true,"computed":true},"cdn_token_authentication_required":{"type":"bool","description":"Indicates whether CDN token authentication is required.","description_kind":"plain","optional":true,"computed":true},"content_tagging_enabled":{"type":"bool","description":"Indicates whether content tagging is enabled.","description_kind":"plain","optional":true,"computed":true},"direct_play_enabled":{"type":"bool","description":"Determines direct play URLs are enabled.","description_kind":"plain","optional":true,"computed":true},"direct_url_file_access_blocked":{"type":"bool","description":"Indicates whether the requests without a referrer are blocked.","description_kind":"plain","optional":true,"computed":true},"drm_mediacage_basic_enabled":{"type":"bool","description":"Indicates whether the MediaCage basic DRM is enabled","description_kind":"plain","optional":true,"computed":true},"early_play_enabled":{"type":"bool","description":"Indicates whether the Early-Play feature is enabled.","description_kind":"plain","optional":true,"computed":true},"encoding_tier":{"type":"string","description":"Options: `Free`, `Premium`","description_kind":"markdown","optional":true,"computed":true},"id":{"type":"number","description_kind":"plain","computed":true},"jit_encoding":{"type":"bool","description":"Indicates whether Just-In-Time Encoding is enabled","description_kind":"plain","optional":true,"computed":true},"mp4_fallback_enabled":{"type":"bool","description":"Indicates whether the MP4 fallback feature is enabled.","description_kind":"plain","optional":true,"computed":true},"multi_audio_track_support_enabled":{"type":"bool","description":"Indicates whether multiple output audio track support is enabled.","description_kind":"plain","optional":true,"computed":true},"name":{"type":"string","description":"The name of the stream library.","description_kind":"plain","required":true},"original_files_keep":{"type":"bool","description":"Indicates whether to keep original files after encoding.","description_kind":"plain","optional":true,"computed":true},"output_codecs":{"type":["set","string"],"description":"Options: `av1`, `hevc`, `vp9`, `x264`","description_kind":"markdown","optional":true,"computed":true},"player_captions_background_color":{"type":"string","description":"The background color of the captions in the video player.","description_kind":"plain","optional":true,"computed":true},"player_captions_font_color":{"type":"string","description":"The font color of the captions in the video player.","description_kind":"plain","optional":true,"computed":true},"player_captions_font_size":{"type":"number","description":"The font size of the captions in the video player.","description_kind":"plain","optional":true,"computed":true},"player_controls":{"type":["set","string"],"description":"Options: `airplay`, `captions`, `chromecast`, `current-time`, `duration`, `fast-forward`, `fullscreen`, `mute`, `pip`, `play`, `play-large`, `progress`, `rewind`, `settings`, `volume`","description_kind":"markdown","optional":true,"computed":true},"player_custom_head":{"type":"string","description":"Custom HTML to be included in the head of the video player.","description_kind":"plain","optional":true,"computed":true},"player_font_family":{"type":"string","description":"Options: `arial`, `inter`, `lato`, `oswald`, `raleway`, `roboto`, `rubik`, `ubuntu`","description_kind":"markdown","optional":true,"computed":true},"player_language":{"type":"string","description":"Specifies the language for the video player interface.","description_kind":"markdown","optional":true,"computed":true},"player_primary_color":{"type":"string","description":"Customizes the appearance of the video player.","description_kind":"markdown","optional":true,"computed":true},"player_version":{"type":"number","description":"Specifies the video player version.","description_kind":"markdown","optional":true,"computed":true},"player_watchtime_heatmap_enabled":{"type":"bool","description":"Indicates whether the video watch heatmap should be displayed in the player.","description_kind":"plain","optional":true,"computed":true},"pullzone":{"type":"number","description":"The ID of the linked pullzone.","description_kind":"plain","computed":true},"referers_allowed":{"type":["set","string"],"description":"The list of allowed referrer domains allowed to access videos in this library.","description_kind":"plain","optional":true,"computed":true},"referers_blocked":{"type":["set","string"],"description":"The list of blocked referrer domains blocked from accessing videos in this library.","description_kind":"plain","optional":true,"computed":true},"resolutions":{"type":["set","string"],"description":"A list of resolutions available for the videos.","description_kind":"plain","optional":true,"computed":true},"storage_zone":{"type":"number","description":"The ID of the linked storage zone.","description_kind":"plain","computed":true},"transcribing_enabled":{"type":"bool","description":"Indicates whether the automatic audio transcribing is currently enabled for this zone.","description_kind":"plain","optional":true,"computed":true},"transcribing_languages":{"type":["set","string"],"description":"The list of languages that the captions will be automatically transcribed to.","description_kind":"markdown","optional":true,"computed":true},"transcribing_smart_description_enabled":{"type":"bool","description":"Indicates whether automatic transcribing description generation is currently enabled.","description_kind":"plain","optional":true,"computed":true},"transcribing_smart_title_enabled":{"type":"bool","description":"Indicates whether automatic transcribing title generation is currently enabled.","description_kind":"plain","optional":true,"computed":true},"vast_tag_url":{"type":"string","description":"The URL of the VAST tag for ad integration.","description_kind":"plain","optional":true,"computed":true},"view_token_authentication_required":{"type":"bool","description":"Indicates whether the player token authentication is enabled","description_kind":"plain","optional":true,"computed":true},"watermark_height":{"type":"number","description":"The height of the watermark (in %).","description_kind":"plain","optional":true,"computed":true},"watermark_position_left":{"type":"number","description":"The left offset of the watermark position (in %).","description_kind":"plain","optional":true,"computed":true},"watermark_position_top":{"type":"number","description":"The top offset of the watermark position (in %).","description_kind":"plain","optional":true,"computed":true},"watermark_width":{"type":"number","description":"The width of the watermark (in %).","description_kind":"plain","optional":true,"computed":true},"webhook_url":{"type":"string","description":"The URL for webhook notifications.","description_kind":"plain","optional":true,"computed":true}},"description":"This resource manages libraries in bunny.net Stream.","description_kind":"plain"}},"bunnynet_stream_video":{"version":0,"block":{"attributes":{"chapters":{"type":["set",["object",{"end":"string","start":"string","title":"string"}]],"description":"The list of chapters available in the video.","description_kind":"plain","optional":true},"collection":{"type":"string","description":"The ID of the collection to which the video belongs.","description_kind":"plain","optional":true,"computed":true},"description":{"type":"string","description":"The description of the video.","description_kind":"plain","optional":true},"id":{"type":"string","description":"The unique ID of the video.","description_kind":"plain","computed":true},"library":{"type":"number","description":"The ID of the stream library to which the video belongs.","description_kind":"plain","required":true},"moments":{"type":["set",["object",{"label":"string","timestamp":"string"}]],"description":"The list of moments available in the video.","description_kind":"plain","optional":true},"title":{"type":"string","description":"The title of the video.","description_kind":"plain","required":true}},"description":"This resource manages individual video files in bunny.net Stream. It is used to manage individual video files in a stream library.","description_kind":"plain"}}},"data_source_schemas":{"bunnynet_compute_container_app_container":{"version":0,"block":{"attributes":{"app":{"type":"string","description":"The application unique identifier.","description_kind":"plain","required":true},"id":{"type":"string","description":"The container unique identifier.","description_kind":"plain","computed":true},"name":{"type":"string","description":"The container name.","description_kind":"plain","required":true}},"description":"This data source represents a container in a Magic Containers application.","description_kind":"markdown"}},"bunnynet_compute_container_app_container_endpoint":{"version":0,"block":{"attributes":{"app":{"type":"string","description":"The application unique identifier.","description_kind":"plain","required":true},"cdn":{"type":["object",{"origin_ssl":"bool","pullzone_id":"number","sticky_sessions":["list",["object",{"headers":["set","string"]}]]}],"description":"Configurations for CDN endpoints.","description_kind":"plain","computed":true},"container":{"type":"string","description":"The container unique identifier.","description_kind":"plain","required":true},"name":{"type":"string","description":"The endpoint name.","description_kind":"plain","required":true},"public_host":{"type":"string","description":"The publicly accessible `IP:port` or hostname for the endpoint.","description_kind":"markdown","computed":true},"type":{"type":"string","description":"The endpoint type.","description_kind":"plain","computed":true}},"description":"This data source represents a container endpoint in a Magic Containers application.","description_kind":"markdown"}},"bunnynet_compute_container_imageregistry":{"version":0,"block":{"attributes":{"id":{"type":"number","description":"The unique identifier for the image registry.","description_kind":"plain","computed":true},"registry":{"type":"string","description":"Options: `DockerHub`, `GitHub`","description_kind":"plain","required":true},"username":{"type":"string","description":"The username used to authenticate to the registry.","description_kind":"plain","required":true}},"description":"This data source represents an Image Registry connection for Magic Containers in bunny.net.","description_kind":"plain"}},"bunnynet_dns_record":{"version":0,"block":{"attributes":{"accelerated":{"type":"bool","description":"Indicates whether the DNS record should utilize bunny.net’s acceleration services.","description_kind":"plain","computed":true},"accelerated_pullzone":{"type":"number","description":"The ID of the accelerated pull zone.","description_kind":"plain","computed":true},"comment":{"type":"string","description":"This property allows users to add descriptive notes for documentation and management purposes.","description_kind":"plain","computed":true},"enabled":{"type":"bool","description":"Indicates whether the DNS record is enabled.","description_kind":"plain","computed":true},"flags":{"type":"number","description":"Flags for advanced DNS settings.","description_kind":"plain","computed":true},"geolocation_lat":{"type":"number","description":"The latitude for geolocation-based routing.","description_kind":"plain","computed":true},"geolocation_long":{"type":"number","description":"The longitude for geolocation-based routing.","description_kind":"plain","computed":true},"id":{"type":"number","description":"The unique identifier for the DNS record.","description_kind":"plain","optional":true,"computed":true},"latency_zone":{"type":"string","description":"The latency zone for latency-based routing.","description_kind":"plain","computed":true},"link_name":{"type":"string","description":"The name of the linked resource.","description_kind":"plain","computed":true},"monitor_type":{"type":"string","description":"Options: `Http`, `Monitor`, `None`, `Ping`","description_kind":"markdown","computed":true},"name":{"type":"string","description":"The name of the DNS record. Use \u003ccode\u003ename = \"\"\u003c/code\u003e for apex domain records.","description_kind":"markdown","required":true},"port":{"type":"number","description":"The port number for services that require a specific port.","description_kind":"plain","computed":true},"priority":{"type":"number","description":"The priority of the DNS record.","description_kind":"plain","computed":true},"pullzone_id":{"type":"number","description":"The ID of the linked pullzone.","description_kind":"plain","computed":true},"smart_routing_type":{"type":"string","description":"Options: `Geolocation`, `Latency`, `None`","description_kind":"markdown","computed":true},"tag":{"type":"string","description":"A tag for the DNS record.","description_kind":"plain","computed":true},"ttl":{"type":"number","description":"The time-to-live value for the DNS record.","description_kind":"plain","computed":true},"type":{"type":"string","description":"Options: `A`, `AAAA`, `CAA`, `CNAME`, `Flatten`, `HTTPS`, `MX`, `NS`, `PTR`, `PullZone`, `Redirect`, `SRV`, `SVCB`, `Script`, `TLSA`, `TXT`","description_kind":"markdown","required":true},"value":{"type":"string","description":"The value of the DNS record.","description_kind":"plain","computed":true},"weight":{"type":"number","description":"The weight of the DNS record. It is used in load balancing scenarios to distribute traffic based on the specified weight.","description_kind":"plain","computed":true},"zone":{"type":"number","description":"ID of the related DNS zone.","description_kind":"plain","required":true}},"description":"This data source represents a DNS record in [Bunny DNS](https://bunny.net/dns/).","description_kind":"markdown"}},"bunnynet_dns_zone":{"version":0,"block":{"attributes":{"dnssec_algorithm":{"type":"number","description":"The DNSSEC algorithm.","description_kind":"markdown","computed":true},"dnssec_digest":{"type":"string","description":"The DNSSEC digest.","description_kind":"markdown","computed":true},"dnssec_digest_type":{"type":"number","description":"The DNSSEC digest type.","description_kind":"markdown","computed":true},"dnssec_enabled":{"type":"bool","description":"Indicates whether DNSSEC is enabled.","description_kind":"markdown","optional":true},"dnssec_flags":{"type":"number","description":"The DNSSEC flags.","description_kind":"markdown","computed":true},"dnssec_keytag":{"type":"number","description":"The DNSSEC key tag.","description_kind":"markdown","computed":true},"dnssec_public_key":{"type":"string","description":"The DNSSEC public key.","description_kind":"markdown","computed":true},"domain":{"type":"string","description":"The domain name for the DNS zone.","description_kind":"plain","required":true},"id":{"type":"number","description":"The unique identifier for the DNS zone.","description_kind":"plain","computed":true},"log_anonymized":{"type":"bool","description":"Indicates whether DNS logs are anonymized.","description_kind":"plain","computed":true},"log_anonymized_style":{"type":"string","description":"Options: `Drop`, `OneDigit`","description_kind":"markdown","computed":true},"log_enabled":{"type":"bool","description":"Indicates whether permanent logging for DNS queries is enabled.","description_kind":"plain","computed":true},"nameserver1":{"type":"string","description":"The primary nameserver for the DNS zone.","description_kind":"plain","computed":true},"nameserver2":{"type":"string","description":"The secondary nameserver for the DNS zone.","description_kind":"plain","computed":true},"nameserver_custom":{"type":"bool","description":"Indicates whether custom nameservers are used.","description_kind":"plain","computed":true},"soa_email":{"type":"string","description":"The email address used in the Start of Authority (SOA) record for the DNS zone.","description_kind":"plain","computed":true}},"description":"This data source represents a DNS zone in [Bunny DNS](https://bunny.net/dns/).","description_kind":"markdown"}},"bunnynet_pullzone":{"version":0,"block":{"attributes":{"add_canonical_header":{"type":"bool","description":"Indicates whether the Canonical header is added to the responses.","description_kind":"plain","computed":true},"allow_referers":{"type":["set","string"],"description":"The list of referrer hostnames that are allowed to access the pull zone. Requests containing the header \"Referer: hostname\" that is not on the list will be rejected. If empty, all the referrers are allowed.","description_kind":"plain","computed":true},"block_ips":{"type":["set","string"],"description":"The list of IPs that are blocked from accessing the pull zone. Requests coming from the following IPs will be rejected. If empty, all the IPs will be allowed","description_kind":"plain","computed":true},"block_no_referer":{"type":"bool","description":"Indicates whether requests without a referer should be blocked.","description_kind":"plain","computed":true},"block_post_requests":{"type":"bool","description":"Indicates whether to block POST requests.","description_kind":"plain","computed":true},"block_referers":{"type":["set","string"],"description":"The list of referrer hostnames that are blocked to access the pull zone. Requests containing the header \"Referer: hostname\" that is not on the list will be rejected. If empty, all the referrers are allowed.","description_kind":"plain","computed":true},"block_root_path":{"type":"bool","description":"This property indicates whether to block the root path.","description_kind":"plain","computed":true},"cache_chunked":{"type":"bool","description":"Indicates whether the cache slice (Optimize for large object delivery) feature is enabled for the Pull Zone","description_kind":"plain","computed":true},"cache_enabled":{"type":"bool","description":"Indicates whether smart caching is enabled.","description_kind":"plain","computed":true},"cache_errors":{"type":"bool","description":"Indicates whether bunny.net should be caching error responses.","description_kind":"plain","computed":true},"cache_expiration_time":{"type":"number","description":"The override cache time, in seconds.","description_kind":"plain","computed":true},"cache_expiration_time_browser":{"type":"number","description":"The override cache time for the end client, in seconds.","description_kind":"plain","computed":true},"cache_stale":{"type":["set","string"],"description":"Options: `offline`, `updating`","description_kind":"markdown","computed":true},"cache_vary":{"type":["set","string"],"description":"Options: `avif`, `cookie`, `country`, `hostname`, `mobile`, `querystring`, `state`, `webp`","description_kind":"markdown","computed":true},"cache_vary_cookie":{"type":["set","string"],"description":"Contains the list of vary parameters that will be used for vary cache by cookie string. If empty, cookie vary will not be used.","description_kind":"plain","computed":true},"cache_vary_headers":{"type":["set","string"],"description":"Contains the list of request headers will be used for vary cache. If empty, it will not be used.","description_kind":"plain","computed":true},"cache_vary_querystring":{"type":["set","string"],"description":"Contains the list of vary parameters that will be used for vary cache by query string. If empty, all parameters will be used to construct the key","description_kind":"plain","computed":true},"cdn_domain":{"type":"string","description":"The CNAME domain of the pull zone for setting up custom hostnames","description_kind":"plain","computed":true},"cors_enabled":{"type":"bool","description":"Indicates whether CORS (Cross-Origin Resource Sharing) is enabled.","description_kind":"plain","computed":true},"cors_extensions":{"type":["set","string"],"description":"A list of file extensions for which CORS is enabled.","description_kind":"plain","computed":true},"disable_letsencrypt":{"type":"bool","description":"If true, the built-in let's encrypt is disabled and requests are passed to the origin.","description_kind":"plain","computed":true},"errorpage_custom_content":{"type":"string","description":"Contains the custom error page code that will be returned.","description_kind":"plain","computed":true},"errorpage_custom_enabled":{"type":"bool","description":"Indicates whether custom error page code should be enabled.","description_kind":"plain","computed":true},"errorpage_statuspage_code":{"type":"string","description":"The statuspage code that will be used to build the status widget.","description_kind":"plain","computed":true},"errorpage_statuspage_enabled":{"type":"bool","description":"Indicates whether the statuspage widget should be displayed on the error pages.","description_kind":"plain","computed":true},"errorpage_whitelabel":{"type":"bool","description":"Indicates whether the error pages should be white-labelled or not","description_kind":"plain","computed":true},"id":{"type":"number","description":"The unique ID of the pull zone.","description_kind":"plain","optional":true,"computed":true},"limit_after":{"type":"number","description":"The amount of data after the rate limit will be activated.","description_kind":"plain","computed":true},"limit_bandwidth":{"type":"number","description":"The maximum bandwidth limit in bytes.","description_kind":"plain","computed":true},"limit_burst":{"type":"number","description":"Excessive requests are delayed until their number exceeds the maximum burst size.","description_kind":"plain","computed":true},"limit_connections":{"type":"number","description":"The number of connections limited per IP.","description_kind":"plain","computed":true},"limit_download_speed":{"type":"number","description":"The maximum download speed, in kb/s. Use 0 for unlimited.","description_kind":"plain","computed":true},"limit_requests":{"type":"number","description":"The maximum amount of requests per IP per second.","description_kind":"plain","computed":true},"log_anonymized":{"type":"bool","description":"Indicates whether logs are anonymized.","description_kind":"plain","computed":true},"log_anonymized_style":{"type":"string","description":"Options: `Drop`, `OneDigit`","description_kind":"markdown","computed":true},"log_enabled":{"type":"bool","description":"Indicates whether logging is enabled.","description_kind":"plain","computed":true},"log_forward_enabled":{"type":"bool","description":"Indicates whether log forwarding is enabled.","description_kind":"plain","computed":true},"log_forward_format":{"type":"string","description":"Options: `JSON`, `Plain`","description_kind":"markdown","computed":true},"log_forward_port":{"type":"number","description":"The port number for log forwarding.","description_kind":"plain","computed":true},"log_forward_protocol":{"type":"string","description":"Options: `DataDog`, `TCP`, `TCPEncrypted`, `UDP`","description_kind":"markdown","computed":true},"log_forward_server":{"type":"string","description":"The server address for log forwarding.","description_kind":"plain","computed":true},"log_forward_token":{"type":"string","description":"The token used for log forwarding authentication.","description_kind":"plain","computed":true},"log_storage_enabled":{"type":"bool","description":"Indicates whether log storage is enabled.","description_kind":"plain","computed":true},"log_storage_zone":{"type":"number","description":"The storage zone ID for log storage.","description_kind":"plain","computed":true},"name":{"type":"string","description":"The name of the pull zone.","description_kind":"plain","optional":true,"computed":true},"optimizer_burrow":{"type":"bool","description":"Indicates whether Burrow Smart Routing should be enabled.","description_kind":"plain","computed":true},"optimizer_classes_force":{"type":"bool","description":"Indicates whether the optimizer class list should be enforced.","description_kind":"plain","computed":true},"optimizer_dynamic_image_api":{"type":"bool","description":"Indicates whether the image manipulation should be enabled.","description_kind":"plain","computed":true},"optimizer_enabled":{"type":"bool","description":"Indicates whether Bunny Optimizer should be enabled.","description_kind":"plain","computed":true},"optimizer_html_prerender":{"type":"bool","description":"Indicates whether HTML Prerender should be enabled.","description_kind":"plain","computed":true},"optimizer_minify_css":{"type":"bool","description":"Indicates whether the CSS minification should be enabled.","description_kind":"plain","computed":true},"optimizer_minify_js":{"type":"bool","description":"Indicates whether the JavaScript minification should be enabled.","description_kind":"plain","computed":true},"optimizer_smartimage":{"type":"bool","description":"Indicates whether the automatic image optimization should be enabled.","description_kind":"plain","computed":true},"optimizer_smartimage_desktop_maxwidth":{"type":"number","description":"The maximum automatic image size for desktop clients.","description_kind":"plain","computed":true},"optimizer_smartimage_desktop_quality":{"type":"number","description":"The image quality for desktop clients.","description_kind":"plain","computed":true},"optimizer_smartimage_mobile_maxwidth":{"type":"number","description":"The maximum automatic image size for mobile clients.","description_kind":"plain","computed":true},"optimizer_smartimage_mobile_quality":{"type":"number","description":"Determines the image quality for mobile clients","description_kind":"plain","computed":true},"optimizer_watermark":{"type":"bool","description":"Indicates whether image watermarking should be enabled.","description_kind":"plain","computed":true},"optimizer_watermark_borderoffset":{"type":"number","description":"The offset of the watermark image.","description_kind":"plain","computed":true},"optimizer_watermark_minsize":{"type":"number","description":"The minimum image size to which the watermark will be added.","description_kind":"plain","computed":true},"optimizer_watermark_position":{"type":"string","description":"Options: `BottomLeft`, `BottomRight`, `Center`, `CenterStretch`, `TopLeft`, `TopRight`","description_kind":"markdown","computed":true},"optimizer_watermark_url":{"type":"string","description":"The URL of the watermark image.","description_kind":"plain","computed":true},"optimizer_webp":{"type":"bool","description":"Indicates whether the WebP optimization should be enabled.","description_kind":"plain","computed":true},"originshield_concurrency_limit":{"type":"bool","description":"Indicates whether there is a concurrency limit for Origin Shield.","description_kind":"plain","computed":true},"originshield_concurrency_requests":{"type":"number","description":"The number of concurrent requests for Origin Shield.","description_kind":"plain","computed":true},"originshield_enabled":{"type":"bool","description":"Indicates whether Origin Shield is enabled.","description_kind":"plain","computed":true},"originshield_queue_requests":{"type":"number","description":"The number of queued requests for Origin Shield.","description_kind":"plain","computed":true},"originshield_queue_wait":{"type":"number","description":"The maximum wait time for queued requests in Origin Shield, in seconds.","description_kind":"plain","computed":true},"originshield_zone":{"type":"string","description":"Options: `FR`, `IL`","description_kind":"markdown","computed":true},"permacache_storagezone":{"type":"number","description":"The storage zone ID for Perma-Cache.","description_kind":"plain","computed":true},"request_coalescing_enabled":{"type":"bool","description":"Indicates whether request coalescing is enabled.","description_kind":"plain","computed":true},"request_coalescing_timeout":{"type":"number","description":"Specifies the timeout period, in seconds, for request coalescing, determining how long to wait before sending combined requests to the origin.","description_kind":"plain","computed":true},"s3_auth_enabled":{"type":"bool","description":"Indicates whether requests to origin will be signed with AWS Signature Version 4.","description_kind":"plain","computed":true},"s3_auth_key":{"type":"string","description":"The access key used to authenticate the requests.","description_kind":"plain","computed":true},"s3_auth_region":{"type":"string","description":"The region name of the bucket used to authenticate the requests.","description_kind":"plain","computed":true},"s3_auth_secret":{"type":"string","description":"The secret key used to authenticate the requests.","description_kind":"plain","computed":true},"safehop_connection_timeout":{"type":"number","description":"The amount of seconds to wait when connecting to the origin. Otherwise the request will fail or retry.","description_kind":"plain","computed":true},"safehop_enabled":{"type":"bool","description_kind":"plain","computed":true},"safehop_response_timeout":{"type":"number","description":"The amount of seconds to wait when waiting for the origin reply. Otherwise the request will fail or retry.","description_kind":"plain","computed":true},"safehop_retry_count":{"type":"number","description":"The number of retries to the origin server.","description_kind":"plain","computed":true},"safehop_retry_delay":{"type":"number","description":"The amount of time that the CDN should wait before retrying an origin request.","description_kind":"plain","computed":true},"safehop_retry_reasons":{"type":["set","string"],"description":"Options: `5xxResponse`, `connectionTimeout`, `responseTimeout`","description_kind":"markdown","computed":true},"sort_querystring":{"type":"bool","description":"If enabled, the query parameters will be automatically sorted into a consistent order before checking the cache.","description_kind":"plain","computed":true},"strip_cookies":{"type":"bool","description":"If enabled, bunny.net will strip all the Set-Cookie headers from the HTTP responses.","description_kind":"plain","computed":true},"tls_support":{"type":["set","string"],"description":"Options: `TLSv1.0`, `TLSv1.1`","description_kind":"markdown","computed":true},"token_auth_enabled":{"type":"bool","description":"Indicates whether requests without a valid token and expiry timestamp will be rejected.","description_kind":"plain","computed":true},"token_auth_ip_validation":{"type":"bool","description":"Indicates whether the secure hash generated by the server will also include an IP address.","description_kind":"plain","computed":true},"token_auth_key":{"type":"string","description":"The auth key used for secure URL token authentication.","description_kind":"plain","computed":true},"use_background_update":{"type":"bool","description":"Indicates whether cache update is performed in the background.","description_kind":"plain","computed":true},"websockets_enabled":{"type":"bool","description":"Indicates whether the WebSocket support is enabled.","description_kind":"plain","computed":true},"websockets_max_connections":{"type":"number","description":"The maximum allowed concurrent WebSocket connections.","description_kind":"plain","computed":true}},"block_types":{"origin":{"nesting_mode":"single","block":{"attributes":{"container_app_id":{"type":"string","description":"The ID if the compute container app.","description_kind":"plain","computed":true},"container_endpoint_id":{"type":"string","description":"The ID if the compute container app endpoint.","description_kind":"plain","computed":true},"dns_port":{"type":"number","description":"The port for DNS Accelerated endpoints.","description_kind":"plain","computed":true},"dns_scheme":{"type":"string","description":"The scheme for DNS Accelerated endpoints.","description_kind":"plain","computed":true},"follow_redirects":{"type":"bool","description":"Indicates whether the zone will follow origin redirects.","description_kind":"plain","computed":true},"forward_host_header":{"type":"bool","description":"Indicates whether the current hostname is forwarded to the origin.","description_kind":"plain","computed":true},"host_header":{"type":"string","description":"The host header that will be sent to the origin.","description_kind":"plain","computed":true},"middleware_script":{"type":"number","description":"The ID of the compute script used as a middleware.","description_kind":"plain","computed":true},"script":{"type":"number","description":"The ID of the linked compute script.","description_kind":"plain","computed":true},"storagezone":{"type":"number","description":"The ID of the linked storage zone.","description_kind":"plain","computed":true},"type":{"type":"string","description":"Options: `ComputeContainer`, `ComputeScript`, `DnsAccelerate`, `OriginUrl`, `StorageZone`","description_kind":"markdown","computed":true},"url":{"type":"string","description":"The origin URL from where the files are fetched.","description_kind":"plain","computed":true},"verify_ssl":{"type":"bool","description":"Indicates whether the Origin's TLS certificate should be verified.","description_kind":"plain","computed":true}},"description_kind":"plain"}},"routing":{"nesting_mode":"single","block":{"attributes":{"blocked_countries":{"type":["set","string"],"description":"The list of blocked countries with the two-letter Alpha2 ISO codes. Traffic connecting from a blocked country will be rejected on the DNS level.","description_kind":"plain","computed":true},"filters":{"type":["set","string"],"description":"Options: `all`, `eu`, `scripting`","description_kind":"markdown","computed":true},"redirected_countries":{"type":["set","string"],"description":"The list of budget redirected countries with the two-letter Alpha2 ISO codes. Traffic from a redirected country will connect to the cheapest possible node in North America or Europe.","description_kind":"plain","computed":true},"tier":{"type":"string","description":"Options: `Standard`, `Volume`","description_kind":"markdown","computed":true},"zones":{"type":["set","string"],"description":"Options: `AF`, `ASIA`, `EU`, `SA`, `US`","description_kind":"markdown","computed":true}},"description_kind":"plain"}}},"description":"This data source represents a bunny.net Pullzone.","description_kind":"markdown"}},"bunnynet_pullzone_access_lists":{"version":0,"block":{"attributes":{"custom":{"type":"bool","description":"Select custom or curated Access Lists.","description_kind":"plain","required":true},"data":{"type":["map",["object",{"id":"number","name":"string","type":"string"}]],"description_kind":"plain","computed":true},"pullzone":{"type":"number","description":"The ID of the linked pullzone.","description_kind":"plain","required":true}},"description":"This resource represents an Access List for a bunny.net pullzone.","description_kind":"plain"}},"bunnynet_region":{"version":0,"block":{"attributes":{"allow_latency_routing":{"type":"bool","description":"Indicates whether latency routing is allowed for this region.","description_kind":"plain","computed":true},"continent_code":{"type":"string","description":"The code representing the continent where the region is located.","description_kind":"plain","computed":true},"country_code":{"type":"string","description":"The code representing the country where the region is located.","description_kind":"plain","computed":true},"id":{"type":"number","description":"The unique identifier for the region.","description_kind":"plain","computed":true},"latitude":{"type":"number","description":"The latitude coordinate of the region.","description_kind":"plain","computed":true},"longitude":{"type":"number","description":"The longitude coordinate of the region.","description_kind":"plain","computed":true},"name":{"type":"string","description":"The name of the region.","description_kind":"plain","computed":true},"price_per_gigabyte":{"type":"number","description":"The cost per gigabyte of data transfer in this region.","description_kind":"plain","computed":true},"region_code":{"type":"string","description":"The code representing a specific region.","description_kind":"plain","required":true}},"description":"This data source provides information about the regions supported by bunny.net. It is used to retrieve a list of regions where bunny.net services are available, which can then be used to configure other resources within those specific regions.","description_kind":"plain"}},"bunnynet_video_language":{"version":0,"block":{"attributes":{"code":{"type":"string","description":"The code of the video language.","description_kind":"plain","required":true},"name":{"type":"string","description":"The name of the video language.","description_kind":"plain","computed":true},"support_player_translation":{"type":"bool","description":"Indicates whether player translation is supported for this language.","description_kind":"plain","computed":true},"support_transcribing":{"type":"bool","description":"Indicates whether transcribing is supported for this language.","description_kind":"plain","computed":true},"transcribing_accuracy":{"type":"number","description":"The accuracy of transcription for this language, represented as a percentage.","description_kind":"plain","computed":true}},"description":"This data source provides a list of languages supported for bunny.net video streaming. It is used to retrieve and specify the languages available for video content, which can be important for configuring multi-language support in video streaming services.","description_kind":"plain"}}}}}}
